
Microsoft Visual Studio Solution File, Format Version 12.00
# Visual Studio 15
VisualStudioVersion = 15.0.28010.2048
MinimumVisualStudioVersion = 10.0.40219.1
Project("{FAE04EC0-301F-11D3-BF4B-00C04F79EFBC}") = "BubbleSort", "BubbleSort\BubbleSort.csproj", "{F3BF4E07-73E8-4B72-BC78-2D319AF2DC99}"
EndProject
Global
	GlobalSection(SolutionConfigurationPlatforms) = preSolution
		Debug|Any CPU = Debug|Any CPU
		Release|Any CPU = Release|Any CPU
	EndGlobalSection
	GlobalSection(ProjectConfigurationPlatforms) = postSolution
		{F3BF4E07-73E8-4B72-BC78-2D319AF2DC99}.Debug|Any CPU.ActiveCfg = Debug|Any CPU
		{F3BF4E07-73E8-4B72-BC78-2D319AF2DC99}.Debug|Any CPU.Build.0 = Debug|Any CPU
		{F3BF4E07-73E8-4B72-BC78-2D319AF2DC99}.Release|Any CPU.ActiveCfg = Release|Any CPU
		{F3BF4E07-73E8-4B72-BC78-2D319AF2DC99}.Release|Any CPU.Build.0 = Release|Any CPU
	EndGlobalSection
	GlobalSection(SolutionProperties) = preSolution
		HideSolutionNode = FALSE
	EndGlobalSection
	GlobalSection(ExtensibilityGlobals) = postSolution
		SolutionGuid = {9E5E6113-E01B-4672-8923-CBF0D833D457}
	EndGlobalSection
EndGlobal
